
Microsoft Visual Studio Solution File, Format Version 12.00
# Visual Studio Version 16
VisualStudioVersion = 16.0.31424.327
MinimumVisualStudioVersion = 10.0.40219.1
Project("{FAE04EC0-301F-11D3-BF4B-00C04F79EFBC}") = "ProgrammingFinal", "ProgrammingFinal\ProgrammingFinal.csproj", "{112ACE99-F441-486C-84E8-05C088C01B5D}"
EndProject
Project("{FAE04EC0-301F-11D3-BF4B-00C04F79EFBC}") = "ProgrammingFinal.Core", "ProgrammingFinal.Core\ProgrammingFinal.Core.csproj", "{26300013-74AC-483C-9FE3-2B592BE546D6}"
EndProject
Project("{FAE04EC0-301F-11D3-BF4B-00C04F79EFBC}") = "ProgrammingFinal.Model", "ProgrammingFinal.Model\ProgrammingFinal.Model.csproj", "{FEE5ED26-D750-40EA-BEDC-D6C3088A591B}"
EndProject
Project("{FAE04EC0-301F-11D3-BF4B-00C04F79EFBC}") = "ProgrammingFinal.Bl", "ProgrammingFinal.Bl\ProgrammingFinal.Bl.csproj", "{5DE90102-0111-4DE8-9262-05D47C478E6A}"
EndProject
Project("{FAE04EC0-301F-11D3-BF4B-00C04F79EFBC}") = "ProgrammingFinal.Services", "ProgrammingFinal.Services\ProgrammingFinal.Services.csproj", "{17CBDAC3-3A86-4D3A-B8AC-4E3D965850CB}"
EndProject
Project("{FAE04EC0-301F-11D3-BF4B-00C04F79EFBC}") = "ProgrammingFinal.Test", "ProgrammingFinal.Test\ProgrammingFinal.Test.csproj", "{C6FB6E8A-372E-45AB-B101-E925900412DC}"
EndProject
Global
	GlobalSection(SolutionConfigurationPlatforms) = preSolution
		Debug|Any CPU = Debug|Any CPU
		Release|Any CPU = Release|Any CPU
	EndGlobalSection
	GlobalSection(ProjectConfigurationPlatforms) = postSolution
		{112ACE99-F441-486C-84E8-05C088C01B5D}.Debug|Any CPU.ActiveCfg = Debug|Any CPU
		{112ACE99-F441-486C-84E8-05C088C01B5D}.Debug|Any CPU.Build.0 = Debug|Any CPU
		{112ACE99-F441-486C-84E8-05C088C01B5D}.Release|Any CPU.ActiveCfg = Release|Any CPU
		{112ACE99-F441-486C-84E8-05C088C01B5D}.Release|Any CPU.Build.0 = Release|Any CPU
		{26300013-74AC-483C-9FE3-2B592BE546D6}.Debug|Any CPU.ActiveCfg = Debug|Any CPU
		{26300013-74AC-483C-9FE3-2B592BE546D6}.Debug|Any CPU.Build.0 = Debug|Any CPU
		{26300013-74AC-483C-9FE3-2B592BE546D6}.Release|Any CPU.ActiveCfg = Release|Any CPU
		{26300013-74AC-483C-9FE3-2B592BE546D6}.Release|Any CPU.Build.0 = Release|Any CPU
		{FEE5ED26-D750-40EA-BEDC-D6C3088A591B}.Debug|Any CPU.ActiveCfg = Debug|Any CPU
		{FEE5ED26-D750-40EA-BEDC-D6C3088A591B}.Debug|Any CPU.Build.0 = Debug|Any CPU
		{FEE5ED26-D750-40EA-BEDC-D6C3088A591B}.Release|Any CPU.ActiveCfg = Release|Any CPU
		{FEE5ED26-D750-40EA-BEDC-D6C3088A591B}.Release|Any CPU.Build.0 = Release|Any CPU
		{5DE90102-0111-4DE8-9262-05D47C478E6A}.Debug|Any CPU.ActiveCfg = Debug|Any CPU
		{5DE90102-0111-4DE8-9262-05D47C478E6A}.Debug|Any CPU.Build.0 = Debug|Any CPU
		{5DE90102-0111-4DE8-9262-05D47C478E6A}.Release|Any CPU.ActiveCfg = Release|Any CPU
		{5DE90102-0111-4DE8-9262-05D47C478E6A}.Release|Any CPU.Build.0 = Release|Any CPU
		{17CBDAC3-3A86-4D3A-B8AC-4E3D965850CB}.Debug|Any CPU.ActiveCfg = Debug|Any CPU
		{17CBDAC3-3A86-4D3A-B8AC-4E3D965850CB}.Debug|Any CPU.Build.0 = Debug|Any CPU
		{17CBDAC3-3A86-4D3A-B8AC-4E3D965850CB}.Release|Any CPU.ActiveCfg = Release|Any CPU
		{17CBDAC3-3A86-4D3A-B8AC-4E3D965850CB}.Release|Any CPU.Build.0 = Release|Any CPU
		{C6FB6E8A-372E-45AB-B101-E925900412DC}.Debug|Any CPU.ActiveCfg = Debug|Any CPU
		{C6FB6E8A-372E-45AB-B101-E925900412DC}.Debug|Any CPU.Build.0 = Debug|Any CPU
		{C6FB6E8A-372E-45AB-B101-E925900412DC}.Release|Any CPU.ActiveCfg = Release|Any CPU
		{C6FB6E8A-372E-45AB-B101-E925900412DC}.Release|Any CPU.Build.0 = Release|Any CPU
	EndGlobalSection
	GlobalSection(SolutionProperties) = preSolution
		HideSolutionNode = FALSE
	EndGlobalSection
	GlobalSection(ExtensibilityGlobals) = postSolution
		SolutionGuid = {9B5FB1EA-F925-45C8-A6B6-70BB6D78E74B}
	EndGlobalSection
EndGlobal
